
Microsoft Visual Studio Solution File, Format Version 12.00
# Visual Studio Version 17
VisualStudioVersion = 17.2.32630.192
MinimumVisualStudioVersion = 10.0.40219.1
Project("{FAE04EC0-301F-11D3-BF4B-00C04F79EFBC}") = "Hesap_Makinesi", "Hesap_Makinesi\Hesap_Makinesi.csproj", "{CF6F0596-57E7-483B-A653-2E82D3E3DBF5}"
EndProject
Global
	GlobalSection(SolutionConfigurationPlatforms) = preSolution
		Debug|Any CPU = Debug|Any CPU
		Release|Any CPU = Release|Any CPU
	EndGlobalSection
	GlobalSection(ProjectConfigurationPlatforms) = postSolution
		{CF6F0596-57E7-483B-A653-2E82D3E3DBF5}.Debug|Any CPU.ActiveCfg = Debug|Any CPU
		{CF6F0596-57E7-483B-A653-2E82D3E3DBF5}.Debug|Any CPU.Build.0 = Debug|Any CPU
		{CF6F0596-57E7-483B-A653-2E82D3E3DBF5}.Release|Any CPU.ActiveCfg = Release|Any CPU
		{CF6F0596-57E7-483B-A653-2E82D3E3DBF5}.Release|Any CPU.Build.0 = Release|Any CPU
	EndGlobalSection
	GlobalSection(SolutionProperties) = preSolution
		HideSolutionNode = FALSE
	EndGlobalSection
	GlobalSection(ExtensibilityGlobals) = postSolution
		SolutionGuid = {B9207CAA-7AB7-4DAB-B2A3-918E1947DA30}
	EndGlobalSection
EndGlobal
